// !$*UTF8*$!
{
	archiveVersion = 1;
	classes = {
	};
	objectVersion = 56;
	objects = {

/* Begin PBXBuildFile section */
		CE3856CC2993812C00B7AEFC /* SimsimiResponse.swift in Sources */ = {isa = PBXBuildFile; fileRef = CE3856CB2993812C00B7AEFC /* SimsimiResponse.swift */; };
		CE3856CE2993818100B7AEFC /* MessageView.swift in Sources */ = {isa = PBXBuildFile; fileRef = CE3856CD2993818100B7AEFC /* MessageView.swift */; };
		CE3856D22993840900B7AEFC /* ChatManager.swift in Sources */ = {isa = PBXBuildFile; fileRef = CE3856D12993840900B7AEFC /* ChatManager.swift */; };
		CE3856D52993850400B7AEFC /* RxCocoa in Frameworks */ = {isa = PBXBuildFile; productRef = CE3856D42993850400B7AEFC /* RxCocoa */; };
		CE3856D72993850400B7AEFC /* RxRelay in Frameworks */ = {isa = PBXBuildFile; productRef = CE3856D62993850400B7AEFC /* RxRelay */; };
		CE3856D92993850400B7AEFC /* RxSwift in Frameworks */ = {isa = PBXBuildFile; productRef = CE3856D82993850400B7AEFC /* RxSwift */; };
		CE515AFE29962747005E60F4 /* NanumGothic.ttf in Resources */ = {isa = PBXBuildFile; fileRef = CE515AFD29962747005E60F4 /* NanumGothic.ttf */; };
		CE515B00299627A9005E60F4 /* NanumGothicBold.ttf in Resources */ = {isa = PBXBuildFile; fileRef = CE515AFF299627A9005E60F4 /* NanumGothicBold.ttf */; };
		CE8ECF43299371870038E3EF /* AppDelegate.swift in Sources */ = {isa = PBXBuildFile; fileRef = CE8ECF42299371870038E3EF /* AppDelegate.swift */; };
		CE8ECF45299371870038E3EF /* SceneDelegate.swift in Sources */ = {isa = PBXBuildFile; fileRef = CE8ECF44299371870038E3EF /* SceneDelegate.swift */; };
		CE8ECF47299371870038E3EF /* ViewController.swift in Sources */ = {isa = PBXBuildFile; fileRef = CE8ECF46299371870038E3EF /* ViewController.swift */; };
		CE8ECF4A299371870038E3EF /* Main.storyboard in Resources */ = {isa = PBXBuildFile; fileRef = CE8ECF48299371870038E3EF /* Main.storyboard */; };
		CE8ECF4C299371890038E3EF /* Assets.xcassets in Resources */ = {isa = PBXBuildFile; fileRef = CE8ECF4B299371890038E3EF /* Assets.xcassets */; };
		CE8ECF4F299371890038E3EF /* LaunchScreen.storyboard in Resources */ = {isa = PBXBuildFile; fileRef = CE8ECF4D299371890038E3EF /* LaunchScreen.storyboard */; };
		CE8ECF58299376060038E3EF /* SnapKit in Frameworks */ = {isa = PBXBuildFile; productRef = CE8ECF57299376060038E3EF /* SnapKit */; };
		CEFBCB41299385D100BE23AF /* Alamofire in Frameworks */ = {isa = PBXBuildFile; productRef = CEFBCB40299385D100BE23AF /* Alamofire */; };
/* End PBXBuildFile section */

/* Begin PBXFileReference section */
		CE3856CB2993812C00B7AEFC /* SimsimiResponse.swift */ = {isa = PBXFileReference; lastKnownFileType = sourcecode.swift; path = SimsimiResponse.swift; sourceTree = "<group>"; };
		CE3856CD2993818100B7AEFC /* MessageView.swift */ = {isa = PBXFileReference; lastKnownFileType = sourcecode.swift; path = MessageView.swift; sourceTree = "<group>"; };
		CE3856D12993840900B7AEFC /* ChatManager.swift */ = {isa = PBXFileReference; lastKnownFileType = sourcecode.swift; path = ChatManager.swift; sourceTree = "<group>"; };
		CE515AFD29962747005E60F4 /* NanumGothic.ttf */ = {isa = PBXFileReference; lastKnownFileType = file; path = NanumGothic.ttf; sourceTree = "<group>"; };
		CE515AFF299627A9005E60F4 /* NanumGothicBold.ttf */ = {isa = PBXFileReference; lastKnownFileType = file; path = NanumGothicBold.ttf; sourceTree = "<group>"; };
		CE8ECF3F299371870038E3EF /* SimSimi.app */ = {isa = PBXFileReference; explicitFileType = wrapper.application; includeInIndex = 0; path = SimSimi.app; sourceTree = BUILT_PRODUCTS_DIR; };
		CE8ECF42299371870038E3EF /* AppDelegate.swift */ = {isa = PBXFileReference; lastKnownFileType = sourcecode.swift; path = AppDelegate.swift; sourceTree = "<group>"; };
		CE8ECF44299371870038E3EF /* SceneDelegate.swift */ = {isa = PBXFileReference; lastKnownFileType = sourcecode.swift; path = SceneDelegate.swift; sourceTree = "<group>"; };
		CE8ECF46299371870038E3EF /* ViewController.swift */ = {isa = PBXFileReference; lastKnownFileType = sourcecode.swift; path = ViewController.swift; sourceTree = "<group>"; };
		CE8ECF49299371870038E3EF /* Base */ = {isa = PBXFileReference; lastKnownFileType = file.storyboard; name = Base; path = Base.lproj/Main.storyboard; sourceTree = "<group>"; };
		CE8ECF4B299371890038E3EF /* Assets.xcassets */ = {isa = PBXFileReference; lastKnownFileType = folder.assetcatalog; path = Assets.xcassets; sourceTree = "<group>"; };
		CE8ECF4E299371890038E3EF /* Base */ = {isa = PBXFileReference; lastKnownFileType = file.storyboard; name = Base; path = Base.lproj/LaunchScreen.storyboard; sourceTree = "<group>"; };
		CE8ECF50299371890038E3EF /* Info.plist */ = {isa = PBXFileReference; lastKnownFileType = text.plist.xml; path = Info.plist; sourceTree = "<group>"; };
/* End PBXFileReference section */

/* Begin PBXFrameworksBuildPhase section */
		CE8ECF3C299371870038E3EF /* Frameworks */ = {
			isa = PBXFrameworksBuildPhase;
			buildActionMask = 2147483647;
			files = (
				CEFBCB41299385D100BE23AF /* Alamofire in Frameworks */,
				CE3856D72993850400B7AEFC /* RxRelay in Frameworks */,
				CE3856D52993850400B7AEFC /* RxCocoa in Frameworks */,
				CE3856D92993850400B7AEFC /* RxSwift in Frameworks */,
				CE8ECF58299376060038E3EF /* SnapKit in Frameworks */,
			);
			runOnlyForDeploymentPostprocessing = 0;
		};
/* End PBXFrameworksBuildPhase section */

/* Begin PBXGroup section */
		CE8ECF36299371870038E3EF = {
			isa = PBXGroup;
			children = (
				CE8ECF41299371870038E3EF /* SimSimi */,
				CE8ECF40299371870038E3EF /* Products */,
			);
			sourceTree = "<group>";
		};
		CE8ECF40299371870038E3EF /* Products */ = {
			isa = PBXGroup;
			children = (
				CE8ECF3F299371870038E3EF /* SimSimi.app */,
			);
			name = Products;
			sourceTree = "<group>";
		};
		CE8ECF41299371870038E3EF /* SimSimi */ = {
			isa = PBXGroup;
			children = (
				CE8ECF42299371870038E3EF /* AppDelegate.swift */,
				CE8ECF44299371870038E3EF /* SceneDelegate.swift */,
				CE8ECF46299371870038E3EF /* ViewController.swift */,
				CE8ECF48299371870038E3EF /* Main.storyboard */,
				CE8ECF4B299371890038E3EF /* Assets.xcassets */,
				CE8ECF4D299371890038E3EF /* LaunchScreen.storyboard */,
				CE8ECF50299371890038E3EF /* Info.plist */,
				CE3856CB2993812C00B7AEFC /* SimsimiResponse.swift */,
				CE3856CD2993818100B7AEFC /* MessageView.swift */,
				CE3856D12993840900B7AEFC /* ChatManager.swift */,
				CE515AFD29962747005E60F4 /* NanumGothic.ttf */,
				CE515AFF299627A9005E60F4 /* NanumGothicBold.ttf */,
			);
			path = SimSimi;
			sourceTree = "<group>";
		};
/* End PBXGroup section */

/* Begin PBXNativeTarget section */
		CE8ECF3E299371870038E3EF /* SimSimi */ = {
			isa = PBXNativeTarget;
			buildConfigurationList = CE8ECF53299371890038E3EF /* Build configuration list for PBXNativeTarget "SimSimi" */;
			buildPhases = (
				CE8ECF3B299371870038E3EF /* Sources */,
				CE8ECF3C299371870038E3EF /* Frameworks */,
				CE8ECF3D299371870038E3EF /* Resources */,
			);
			buildRules = (
			);
			dependencies = (
			);
			name = SimSimi;
			packageProductDependencies = (
				CE8ECF57299376060038E3EF /* SnapKit */,
				CE3856D42993850400B7AEFC /* RxCocoa */,
				CE3856D62993850400B7AEFC /* RxRelay */,
				CE3856D82993850400B7AEFC /* RxSwift */,
				CEFBCB40299385D100BE23AF /* Alamofire */,
			);
			productName = SimSimi;
			productReference = CE8ECF3F299371870038E3EF /* SimSimi.app */;
			productType = "com.apple.product-type.application";
		};
/* End PBXNativeTarget section */

/* Begin PBXProject section */
		CE8ECF37299371870038E3EF /* Project object */ = {
			isa = PBXProject;
			attributes = {
				BuildIndependentTargetsInParallel = 1;
				LastSwiftUpdateCheck = 1400;
				LastUpgradeCheck = 1400;
				TargetAttributes = {
					CE8ECF3E299371870038E3EF = {
						CreatedOnToolsVersion = 14.0;
					};
				};
			};
			buildConfigurationList = CE8ECF3A299371870038E3EF /* Build configuration list for PBXProject "SimSimi" */;
			compatibilityVersion = "Xcode 14.0";
			developmentRegion = en;
			hasScannedForEncodings = 0;
			knownRegions = (
				en,
				Base,
			);
			mainGroup = CE8ECF36299371870038E3EF;
			packageReferences = (
				CE8ECF56299376060038E3EF /* XCRemoteSwiftPackageReference "SnapKit" */,
				CE3856D32993850400B7AEFC /* XCRemoteSwiftPackageReference "RxSwift" */,
				CEFBCB3F299385D100BE23AF /* XCRemoteSwiftPackageReference "Alamofire" */,
			);
			productRefGroup = CE8ECF40299371870038E3EF /* Products */;
			projectDirPath = "";
			projectRoot = "";
			targets = (
				CE8ECF3E299371870038E3EF /* SimSimi */,
			);
		};
/* End PBXProject section */

/* Begin PBXResourcesBuildPhase section */
		CE8ECF3D299371870038E3EF /* Resources */ = {
			isa = PBXResourcesBuildPhase;
			buildActionMask = 2147483647;
			files = (
				CE515AFE29962747005E60F4 /* NanumGothic.ttf in Resources */,
				CE8ECF4F299371890038E3EF /* LaunchScreen.storyboard in Resources */,
				CE8ECF4C299371890038E3EF /* Assets.xcassets in Resources */,
				CE515B00299627A9005E60F4 /* NanumGothicBold.ttf in Resources */,
				CE8ECF4A299371870038E3EF /* Main.storyboard in Resources */,
			);
			runOnlyForDeploymentPostprocessing = 0;
		};
/* End PBXResourcesBuildPhase section */

/* Begin PBXSourcesBuildPhase section */
		CE8ECF3B299371870038E3EF /* Sources */ = {
			isa = PBXSourcesBuildPhase;
			buildActionMask = 2147483647;
			files = (
				CE8ECF47299371870038E3EF /* ViewController.swift in Sources */,
				CE8ECF43299371870038E3EF /* AppDelegate.swift in Sources */,
				CE3856CE2993818100B7AEFC /* MessageView.swift in Sources */,
				CE3856D22993840900B7AEFC /* ChatManager.swift in Sources */,
				CE3856CC2993812C00B7AEFC /* SimsimiResponse.swift in Sources */,
				CE8ECF45299371870038E3EF /* SceneDelegate.swift in Sources */,
			);
			runOnlyForDeploymentPostprocessing = 0;
		};
/* End PBXSourcesBuildPhase section */

/* Begin PBXVariantGroup section */
		CE8ECF48299371870038E3EF /* Main.storyboard */ = {
			isa = PBXVariantGroup;
			children = (
				CE8ECF49299371870038E3EF /* Base */,
			);
			name = Main.storyboard;
			sourceTree = "<group>";
		};
		CE8ECF4D299371890038E3EF /* LaunchScreen.storyboard */ = {
			isa = PBXVariantGroup;
			children = (
				CE8ECF4E299371890038E3EF /* Base */,
			);
			name = LaunchScreen.storyboard;
			sourceTree = "<group>";
		};
/* End PBXVariantGroup section */

/* Begin XCBuildConfiguration section */
		CE8ECF51299371890038E3EF /* Debug */ = {
			isa = XCBuildConfiguration;
			buildSettings = {
				ALWAYS_SEARCH_USER_PATHS = NO;
				CLANG_ANALYZER_NONNULL = YES;
				CLANG_ANALYZER_NUMBER_OBJECT_CONVERSION = YES_AGGRESSIVE;
				CLANG_CXX_LANGUAGE_STANDARD = "gnu++20";
				CLANG_ENABLE_MODULES = YES;
				CLANG_ENABLE_OBJC_ARC = YES;
				CLANG_ENABLE_OBJC_WEAK = YES;
				CLANG_WARN_BLOCK_CAPTURE_AUTORELEASING = YES;
				CLANG_WARN_BOOL_CONVERSION = YES;
				CLANG_WARN_COMMA = YES;
				CLANG_WARN_CONSTANT_CONVERSION = YES;
				CLANG_WARN_DEPRECATED_OBJC_IMPLEMENTATIONS = YES;
				CLANG_WARN_DIRECT_OBJC_ISA_USAGE = YES_ERROR;
				CLANG_WARN_DOCUMENTATION_COMMENTS = YES;
				CLANG_WARN_EMPTY_BODY = YES;
				CLANG_WARN_ENUM_CONVERSION = YES;
				CLANG_WARN_INFINITE_RECURSION = YES;
				CLANG_WARN_INT_CONVERSION = YES;
				CLANG_WARN_NON_LITERAL_NULL_CONVERSION = YES;
				CLANG_WARN_OBJC_IMPLICIT_RETAIN_SELF = YES;
				CLANG_WARN_OBJC_LITERAL_CONVERSION = YES;
				CLANG_WARN_OBJC_ROOT_CLASS = YES_ERROR;
				CLANG_WARN_QUOTED_INCLUDE_IN_FRAMEWORK_HEADER = YES;
				CLANG_WARN_RANGE_LOOP_ANALYSIS = YES;
				CLANG_WARN_STRICT_PROTOTYPES = YES;
				CLANG_WARN_SUSPICIOUS_MOVE = YES;
				CLANG_WARN_UNGUARDED_AVAILABILITY = YES_AGGRESSIVE;
				CLANG_WARN_UNREACHABLE_CODE = YES;
				CLANG_WARN__DUPLICATE_METHOD_MATCH = YES;
				COPY_PHASE_STRIP = NO;
				DEBUG_INFORMATION_FORMAT = dwarf;
				ENABLE_STRICT_OBJC_MSGSEND = YES;
				ENABLE_TESTABILITY = YES;
				GCC_C_LANGUAGE_STANDARD = gnu11;
				GCC_DYNAMIC_NO_PIC = NO;
				GCC_NO_COMMON_BLOCKS = YES;
				GCC_OPTIMIZATION_LEVEL = 0;
				GCC_PREPROCESSOR_DEFINITIONS = (
					"DEBUG=1",
					"$(inherited)",
				);
				GCC_WARN_64_TO_32_BIT_CONVERSION = YES;
				GCC_WARN_ABOUT_RETURN_TYPE = YES_ERROR;
				GCC_WARN_UNDECLARED_SELECTOR = YES;
				GCC_WARN_UNINITIALIZED_AUTOS = YES_AGGRESSIVE;
				GCC_WARN_UNUSED_FUNCTION = YES;
				GCC_WARN_UNUSED_VARIABLE = YES;
				IPHONEOS_DEPLOYMENT_TARGET = 16.0;
				MTL_ENABLE_DEBUG_INFO = INCLUDE_SOURCE;
				MTL_FAST_MATH = YES;
				ONLY_ACTIVE_ARCH = YES;
				SDKROOT = iphoneos;
				SWIFT_ACTIVE_COMPILATION_CONDITIONS = DEBUG;
				SWIFT_OPTIMIZATION_LEVEL = "-Onone";
			};
			name = Debug;
		};
		CE8ECF52299371890038E3EF /* Release */ = {
			isa = XCBuildConfiguration;
			buildSettings = {
				ALWAYS_SEARCH_USER_PATHS = NO;
				CLANG_ANALYZER_NONNULL = YES;
				CLANG_ANALYZER_NUMBER_OBJECT_CONVERSION = YES_AGGRESSIVE;
				CLANG_CXX_LANGUAGE_STANDARD = "gnu++20";
				CLANG_ENABLE_MODULES = YES;
				CLANG_ENABLE_OBJC_ARC = YES;
				CLANG_ENABLE_OBJC_WEAK = YES;
				CLANG_WARN_BLOCK_CAPTURE_AUTORELEASING = YES;
				CLANG_WARN_BOOL_CONVERSION = YES;
				CLANG_WARN_COMMA = YES;
				CLANG_WARN_CONSTANT_CONVERSION = YES;
				CLANG_WARN_DEPRECATED_OBJC_IMPLEMENTATIONS = YES;
				CLANG_WARN_DIRECT_OBJC_ISA_USAGE = YES_ERROR;
				CLANG_WARN_DOCUMENTATION_COMMENTS = YES;
				CLANG_WARN_EMPTY_BODY = YES;
				CLANG_WARN_ENUM_CONVERSION = YES;
				CLANG_WARN_INFINITE_RECURSION = YES;
				CLANG_WARN_INT_CONVERSION = YES;
				CLANG_WARN_NON_LITERAL_NULL_CONVERSION = YES;
				CLANG_WARN_OBJC_IMPLICIT_RETAIN_SELF = YES;
				CLANG_WARN_OBJC_LITERAL_CONVERSION = YES;
				CLANG_WARN_OBJC_ROOT_CLASS = YES_ERROR;
				CLANG_WARN_QUOTED_INCLUDE_IN_FRAMEWORK_HEADER = YES;
				CLANG_WARN_RANGE_LOOP_ANALYSIS = YES;
				CLANG_WARN_STRICT_PROTOTYPES = YES;
				CLANG_WARN_SUSPICIOUS_MOVE = YES;
				CLANG_WARN_UNGUARDED_AVAILABILITY = YES_AGGRESSIVE;
				CLANG_WARN_UNREACHABLE_CODE = YES;
				CLANG_WARN__DUPLICATE_METHOD_MATCH = YES;
				COPY_PHASE_STRIP = NO;
				DEBUG_INFORMATION_FORMAT = "dwarf-with-dsym";
				ENABLE_NS_ASSERTIONS = NO;
				ENABLE_STRICT_OBJC_MSGSEND = YES;
				GCC_C_LANGUAGE_STANDARD = gnu11;
				GCC_NO_COMMON_BLOCKS = YES;
				GCC_WARN_64_TO_32_BIT_CONVERSION = YES;
				GCC_WARN_ABOUT_RETURN_TYPE = YES_ERROR;
				GCC_WARN_UNDECLARED_SELECTOR = YES;
				GCC_WARN_UNINITIALIZED_AUTOS = YES_AGGRESSIVE;
				GCC_WARN_UNUSED_FUNCTION = YES;
				GCC_WARN_UNUSED_VARIABLE = YES;
				IPHONEOS_DEPLOYMENT_TARGET = 16.0;
				MTL_ENABLE_DEBUG_INFO = NO;
				MTL_FAST_MATH = YES;
				SDKROOT = iphoneos;
				SWIFT_COMPILATION_MODE = wholemodule;
				SWIFT_OPTIMIZATION_LEVEL = "-O";
				VALIDATE_PRODUCT = YES;
			};
			name = Release;
		};
		CE8ECF54299371890038E3EF /* Debug */ = {
			isa = XCBuildConfiguration;
			buildSettings = {
				ASSETCATALOG_COMPILER_APPICON_NAME = AppIcon;
				ASSETCATALOG_COMPILER_GLOBAL_ACCENT_COLOR_NAME = AccentColor;
				CODE_SIGN_STYLE = Automatic;
				CURRENT_PROJECT_VERSION = 1;
				DEVELOPMENT_TEAM = C494SWBQZZ;
				GENERATE_INFOPLIST_FILE = YES;
				INFOPLIST_FILE = SimSimi/Info.plist;
				INFOPLIST_KEY_UIApplicationSupportsIndirectInputEvents = YES;
				INFOPLIST_KEY_UILaunchStoryboardName = LaunchScreen;
				INFOPLIST_KEY_UIMainStoryboardFile = Main;
				INFOPLIST_KEY_UISupportedInterfaceOrientations_iPad = "UIInterfaceOrientationPortrait UIInterfaceOrientationPortraitUpsideDown UIInterfaceOrientationLandscapeLeft UIInterfaceOrientationLandscapeRight";
				INFOPLIST_KEY_UISupportedInterfaceOrientations_iPhone = "UIInterfaceOrientationPortrait UIInterfaceOrientationLandscapeLeft UIInterfaceOrientationLandscapeRight";
				LD_RUNPATH_SEARCH_PATHS = (
					"$(inherited)",
					"@executable_path/Frameworks",
				);
				MARKETING_VERSION = 1.0;
				PRODUCT_BUNDLE_IDENTIFIER = sh.SimSimi;
				PRODUCT_NAME = "$(TARGET_NAME)";
				SWIFT_EMIT_LOC_STRINGS = YES;
				SWIFT_VERSION = 5.0;
				TARGETED_DEVICE_FAMILY = "1,2";
			};
			name = Debug;
		};
		CE8ECF55299371890038E3EF /* Release */ = {
			isa = XCBuildConfiguration;
			buildSettings = {
				ASSETCATALOG_COMPILER_APPICON_NAME = AppIcon;
				ASSETCATALOG_COMPILER_GLOBAL_ACCENT_COLOR_NAME = AccentColor;
				CODE_SIGN_STYLE = Automatic;
				CURRENT_PROJECT_VERSION = 1;
				DEVELOPMENT_TEAM = C494SWBQZZ;
				GENERATE_INFOPLIST_FILE = YES;
				INFOPLIST_FILE = SimSimi/Info.plist;
				INFOPLIST_KEY_UIApplicationSupportsIndirectInputEvents = YES;
				INFOPLIST_KEY_UILaunchStoryboardName = LaunchScreen;
				INFOPLIST_KEY_UIMainStoryboardFile = Main;
				INFOPLIST_KEY_UISupportedInterfaceOrientations_iPad = "UIInterfaceOrientationPortrait UIInterfaceOrientationPortraitUpsideDown UIInterfaceOrientationLandscapeLeft UIInterfaceOrientationLandscapeRight";
				INFOPLIST_KEY_UISupportedInterfaceOrientations_iPhone = "UIInterfaceOrientationPortrait UIInterfaceOrientationLandscapeLeft UIInterfaceOrientationLandscapeRight";
				LD_RUNPATH_SEARCH_PATHS = (
					"$(inherited)",
					"@executable_path/Frameworks",
				);
				MARKETING_VERSION = 1.0;
				PRODUCT_BUNDLE_IDENTIFIER = sh.SimSimi;
				PRODUCT_NAME = "$(TARGET_NAME)";
				SWIFT_EMIT_LOC_STRINGS = YES;
				SWIFT_VERSION = 5.0;
				TARGETED_DEVICE_FAMILY = "1,2";
			};
			name = Release;
		};
/* End XCBuildConfiguration section */

/* Begin XCConfigurationList section */
		CE8ECF3A299371870038E3EF /* Build configuration list for PBXProject "SimSimi" */ = {
			isa = XCConfigurationList;
			buildConfigurations = (
				CE8ECF51299371890038E3EF /* Debug */,
				CE8ECF52299371890038E3EF /* Release */,
			);
			defaultConfigurationIsVisible = 0;
			defaultConfigurationName = Release;
		};
		CE8ECF53299371890038E3EF /* Build configuration list for PBXNativeTarget "SimSimi" */ = {
			isa = XCConfigurationList;
			buildConfigurations = (
				CE8ECF54299371890038E3EF /* Debug */,
				CE8ECF55299371890038E3EF /* Release */,
			);
			defaultConfigurationIsVisible = 0;
			defaultConfigurationName = Release;
		};
/* End XCConfigurationList section */

/* Begin XCRemoteSwiftPackageReference section */
		CE3856D32993850400B7AEFC /* XCRemoteSwiftPackageReference "RxSwift" */ = {
			isa = XCRemoteSwiftPackageReference;
			repositoryURL = "https://github.com/ReactiveX/RxSwift.git";
			requirement = {
				branch = main;
				kind = branch;
			};
		};
		CE8ECF56299376060038E3EF /* XCRemoteSwiftPackageReference "SnapKit" */ = {
			isa = XCRemoteSwiftPackageReference;
			repositoryURL = "https://github.com/SnapKit/SnapKit.git";
			requirement = {
				branch = develop;
				kind = branch;
			};
		};
		CEFBCB3F299385D100BE23AF /* XCRemoteSwiftPackageReference "Alamofire" */ = {
			isa = XCRemoteSwiftPackageReference;
			repositoryURL = "https://github.com/Alamofire/Alamofire.git";
			requirement = {
				kind = upToNextMajorVersion;
				minimumVersion = 5.0.0;
			};
		};
/* End XCRemoteSwiftPackageReference section */

/* Begin XCSwiftPackageProductDependency section */
		CE3856D42993850400B7AEFC /* RxCocoa */ = {
			isa = XCSwiftPackageProductDependency;
			package = CE3856D32993850400B7AEFC /* XCRemoteSwiftPackageReference "RxSwift" */;
			productName = RxCocoa;
		};
		CE3856D62993850400B7AEFC /* RxRelay */ = {
			isa = XCSwiftPackageProductDependency;
			package = CE3856D32993850400B7AEFC /* XCRemoteSwiftPackageReference "RxSwift" */;
			productName = RxRelay;
		};
		CE3856D82993850400B7AEFC /* RxSwift */ = {
			isa = XCSwiftPackageProductDependency;
			package = CE3856D32993850400B7AEFC /* XCRemoteSwiftPackageReference "RxSwift" */;
			productName = RxSwift;
		};
		CE8ECF57299376060038E3EF /* SnapKit */ = {
			isa = XCSwiftPackageProductDependency;
			package = CE8ECF56299376060038E3EF /* XCRemoteSwiftPackageReference "SnapKit" */;
			productName = SnapKit;
		};
		CEFBCB40299385D100BE23AF /* Alamofire */ = {
			isa = XCSwiftPackageProductDependency;
			package = CEFBCB3F299385D100BE23AF /* XCRemoteSwiftPackageReference "Alamofire" */;
			productName = Alamofire;
		};
/* End XCSwiftPackageProductDependency section */
	};
	rootObject = CE8ECF37299371870038E3EF /* Project object */;
}
